
Microsoft Visual Studio Solution File, Format Version 12.00
# Visual Studio 2012
Project("{FAE04EC0-301F-11D3-BF4B-00C04F79EFBC}") = "ExamenP2_62453", "ExamenP2_62453\ExamenP2_62453.csproj", "{D1EB1B1E-943A-4A2E-8AAD-6079A9C3C03D}"
EndProject
Global
	GlobalSection(SolutionConfigurationPlatforms) = preSolution
		Debug|iPhoneSimulator = Debug|iPhoneSimulator
		Release|iPhone = Release|iPhone
		Release|iPhoneSimulator = Release|iPhoneSimulator
		Debug|iPhone = Debug|iPhone
	EndGlobalSection
	GlobalSection(ProjectConfigurationPlatforms) = postSolution
		{D1EB1B1E-943A-4A2E-8AAD-6079A9C3C03D}.Debug|iPhoneSimulator.ActiveCfg = Debug|iPhoneSimulator
		{D1EB1B1E-943A-4A2E-8AAD-6079A9C3C03D}.Debug|iPhoneSimulator.Build.0 = Debug|iPhoneSimulator
		{D1EB1B1E-943A-4A2E-8AAD-6079A9C3C03D}.Release|iPhone.ActiveCfg = Release|iPhone
		{D1EB1B1E-943A-4A2E-8AAD-6079A9C3C03D}.Release|iPhone.Build.0 = Release|iPhone
		{D1EB1B1E-943A-4A2E-8AAD-6079A9C3C03D}.Release|iPhoneSimulator.ActiveCfg = Release|iPhoneSimulator
		{D1EB1B1E-943A-4A2E-8AAD-6079A9C3C03D}.Release|iPhoneSimulator.Build.0 = Release|iPhoneSimulator
		{D1EB1B1E-943A-4A2E-8AAD-6079A9C3C03D}.Debug|iPhone.ActiveCfg = Debug|iPhone
		{D1EB1B1E-943A-4A2E-8AAD-6079A9C3C03D}.Debug|iPhone.Build.0 = Debug|iPhone
	EndGlobalSection
EndGlobal
